
Microsoft Visual Studio Solution File, Format Version 12.00
# Visual Studio Version 16
VisualStudioVersion = 16.0.31019.35
MinimumVisualStudioVersion = 10.0.40219.1
Project("{9A19103F-16F7-4668-BE54-9A1E7A4F7556}") = "FileToVoxCore", "FileToVoxCore.csproj", "{9E6D120D-23BD-41FC-B1D2-D64DD7EE4F40}"
EndProject
Global
	GlobalSection(SolutionConfigurationPlatforms) = preSolution
		Debug|Any CPU = Debug|Any CPU
		Release|Any CPU = Release|Any CPU
	EndGlobalSection
	GlobalSection(ProjectConfigurationPlatforms) = postSolution
		{9E6D120D-23BD-41FC-B1D2-D64DD7EE4F40}.Debug|Any CPU.ActiveCfg = Debug|Any CPU
		{9E6D120D-23BD-41FC-B1D2-D64DD7EE4F40}.Debug|Any CPU.Build.0 = Debug|Any CPU
		{9E6D120D-23BD-41FC-B1D2-D64DD7EE4F40}.Release|Any CPU.ActiveCfg = Release|Any CPU
		{9E6D120D-23BD-41FC-B1D2-D64DD7EE4F40}.Release|Any CPU.Build.0 = Release|Any CPU
	EndGlobalSection
	GlobalSection(SolutionProperties) = preSolution
		HideSolutionNode = FALSE
	EndGlobalSection
	GlobalSection(ExtensibilityGlobals) = postSolution
		SolutionGuid = {63380561-DD0F-4AC4-A5B5-93393EE23105}
	EndGlobalSection
EndGlobal
